
Microsoft Visual Studio Solution File, Format Version 12.00
# Visual Studio Version 17
VisualStudioVersion = 17.9.34728.123
MinimumVisualStudioVersion = 10.0.40219.1
Project("{FAE04EC0-301F-11D3-BF4B-00C04F79EFBC}") = "Campeonato", "Campeonato\Campeonato.csproj", "{A45D8A32-EAE4-4F89-AA3E-4DC64B494607}"
EndProject
Global
	GlobalSection(SolutionConfigurationPlatforms) = preSolution
		Debug|Any CPU = Debug|Any CPU
		Release|Any CPU = Release|Any CPU
	EndGlobalSection
	GlobalSection(ProjectConfigurationPlatforms) = postSolution
		{A45D8A32-EAE4-4F89-AA3E-4DC64B494607}.Debug|Any CPU.ActiveCfg = Debug|Any CPU
		{A45D8A32-EAE4-4F89-AA3E-4DC64B494607}.Debug|Any CPU.Build.0 = Debug|Any CPU
		{A45D8A32-EAE4-4F89-AA3E-4DC64B494607}.Release|Any CPU.ActiveCfg = Release|Any CPU
		{A45D8A32-EAE4-4F89-AA3E-4DC64B494607}.Release|Any CPU.Build.0 = Release|Any CPU
	EndGlobalSection
	GlobalSection(SolutionProperties) = preSolution
		HideSolutionNode = FALSE
	EndGlobalSection
	GlobalSection(ExtensibilityGlobals) = postSolution
		SolutionGuid = {98FEB9D0-F7AA-40C5-8587-EF2D39E41806}
	EndGlobalSection
EndGlobal
